
Microsoft Visual Studio Solution File, Format Version 12.00
# Visual Studio Version 17
VisualStudioVersion = 17.2.32630.192
MinimumVisualStudioVersion = 10.0.40219.1
Project("{9A19103F-16F7-4668-BE54-9A1E7A4F7556}") = "ReflectionApp", "ReflectionApp.csproj", "{FDCF0147-2FBB-444B-9C29-0FD94795EB77}"
EndProject
Global
	GlobalSection(SolutionConfigurationPlatforms) = preSolution
		Debug|Any CPU = Debug|Any CPU
		Release|Any CPU = Release|Any CPU
	EndGlobalSection
	GlobalSection(ProjectConfigurationPlatforms) = postSolution
		{FDCF0147-2FBB-444B-9C29-0FD94795EB77}.Debug|Any CPU.ActiveCfg = Debug|Any CPU
		{FDCF0147-2FBB-444B-9C29-0FD94795EB77}.Debug|Any CPU.Build.0 = Debug|Any CPU
		{FDCF0147-2FBB-444B-9C29-0FD94795EB77}.Release|Any CPU.ActiveCfg = Release|Any CPU
		{FDCF0147-2FBB-444B-9C29-0FD94795EB77}.Release|Any CPU.Build.0 = Release|Any CPU
	EndGlobalSection
	GlobalSection(SolutionProperties) = preSolution
		HideSolutionNode = FALSE
	EndGlobalSection
	GlobalSection(ExtensibilityGlobals) = postSolution
		SolutionGuid = {4B4DBC6C-5D6D-42ED-B5EC-48C9D2F79E2A}
	EndGlobalSection
EndGlobal
