
Microsoft Visual Studio Solution File, Format Version 12.00
# Visual Studio Version 17
VisualStudioVersion = 17.2.32630.192
MinimumVisualStudioVersion = 10.0.40219.1
Project("{FAE04EC0-301F-11D3-BF4B-00C04F79EFBC}") = "UserNameHelper", "UserNameHelper\UserNameHelper.csproj", "{C6012D78-CCAE-407C-8303-528108A3C782}"
EndProject
Project("{9A19103F-16F7-4668-BE54-9A1E7A4F7556}") = "DotNetCoreConsoleApp", "DotNetCoreConsoleApp\DotNetCoreConsoleApp.csproj", "{A9C36638-DF9D-4BA3-A9D5-D267B3D43913}"
EndProject
Project("{FAE04EC0-301F-11D3-BF4B-00C04F79EFBC}") = "WindowsFormsApp1", "WindowsFormsApp1\WindowsFormsApp1.csproj", "{D7614E3E-E032-4001-9923-8BCD827575F8}"
EndProject
Global
	GlobalSection(SolutionConfigurationPlatforms) = preSolution
		Debug|Any CPU = Debug|Any CPU
		Release|Any CPU = Release|Any CPU
	EndGlobalSection
	GlobalSection(ProjectConfigurationPlatforms) = postSolution
		{C6012D78-CCAE-407C-8303-528108A3C782}.Debug|Any CPU.ActiveCfg = Debug|Any CPU
		{C6012D78-CCAE-407C-8303-528108A3C782}.Debug|Any CPU.Build.0 = Debug|Any CPU
		{C6012D78-CCAE-407C-8303-528108A3C782}.Release|Any CPU.ActiveCfg = Release|Any CPU
		{C6012D78-CCAE-407C-8303-528108A3C782}.Release|Any CPU.Build.0 = Release|Any CPU
		{A9C36638-DF9D-4BA3-A9D5-D267B3D43913}.Debug|Any CPU.ActiveCfg = Debug|Any CPU
		{A9C36638-DF9D-4BA3-A9D5-D267B3D43913}.Debug|Any CPU.Build.0 = Debug|Any CPU
		{A9C36638-DF9D-4BA3-A9D5-D267B3D43913}.Release|Any CPU.ActiveCfg = Release|Any CPU
		{A9C36638-DF9D-4BA3-A9D5-D267B3D43913}.Release|Any CPU.Build.0 = Release|Any CPU
		{D7614E3E-E032-4001-9923-8BCD827575F8}.Debug|Any CPU.ActiveCfg = Debug|Any CPU
		{D7614E3E-E032-4001-9923-8BCD827575F8}.Debug|Any CPU.Build.0 = Debug|Any CPU
		{D7614E3E-E032-4001-9923-8BCD827575F8}.Release|Any CPU.ActiveCfg = Release|Any CPU
		{D7614E3E-E032-4001-9923-8BCD827575F8}.Release|Any CPU.Build.0 = Release|Any CPU
	EndGlobalSection
	GlobalSection(SolutionProperties) = preSolution
		HideSolutionNode = FALSE
	EndGlobalSection
	GlobalSection(ExtensibilityGlobals) = postSolution
		SolutionGuid = {E648F74C-440C-4B09-8470-A9596DCF557B}
	EndGlobalSection
EndGlobal
